{
  "originHash" : "255d2a56416c52df8932412f47d5dc64a5765b98d0df9e76f82a69c927f76052",
  "pins" : [
    {
      "identity" : "haversack",
      "kind" : "remoteSourceControl",
      "location" : "https://github.com/jamf/Haversack",
      "state" : {
        "revision" : "4d58a33d989d5ed318cc0ccc88f9ad6d064fbc68",
        "version" : "1.1.1"
      }
    },
    {
      "identity" : "subprocess",
      "kind" : "remoteSourceControl",
      "location" : "https://github.com/jamf/Subprocess.git",
      "state" : {
        "revision" : "8fdaf02e66a46078d034a8bbab4fb74bf8067cdf",
        "version" : "3.0.7"
      }
    },
    {
      "identity" : "swift-collections",
      "kind" : "remoteSourceControl",
      "location" : "https://github.com/apple/swift-collections",
      "state" : {
        "revision" : "8c0c0a8b49e080e54e5e328cc552821ff07cd341",
        "version" : "1.2.1"
      }
    },
    {
      "identity" : "swiftsdk",
      "kind" : "remoteSourceControl",
      "location" : "https://github.com/TelemetryDeck/SwiftSDK",
      "state" : {
        "revision" : "8f332c1c256ba26cc46f74c9e5af94f7b1c37a9c",
        "version" : "2.11.0"
      }
    }
  ],
  "version" : 3
}
