{
  "originHash" : "3232927a5ad14c3bd5cab85314153c072c69a789164a2f7d8cf0cd762e15d1b8",
  "pins" : [
    {
      "identity" : "haversack",
      "kind" : "remoteSourceControl",
      "location" : "https://github.com/jamf/Haversack",
      "state" : {
        "revision" : "4d58a33d989d5ed318cc0ccc88f9ad6d064fbc68",
        "version" : "1.1.1"
      }
    },
    {
      "identity" : "subprocess",
      "kind" : "remoteSourceControl",
      "location" : "https://github.com/jamf/Subprocess.git",
      "state" : {
        "revision" : "8fdaf02e66a46078d034a8bbab4fb74bf8067cdf",
        "version" : "3.0.7"
      }
    },
    {
      "identity" : "swift-collections",
      "kind" : "remoteSourceControl",
      "location" : "https://github.com/apple/swift-collections",
      "state" : {
        "revision" : "8c0c0a8b49e080e54e5e328cc552821ff07cd341",
        "version" : "1.2.1"
      }
    }
  ],
  "version" : 3
}
